
Microsoft Visual Studio Solution File, Format Version 12.00
# Visual Studio Version 16
VisualStudioVersion = 16.0.30128.74
MinimumVisualStudioVersion = 10.0.40219.1
Project("{FAE04EC0-301F-11D3-BF4B-00C04F79EFBC}") = "RepositoryPattern", "RepositoryPattern\RepositoryPattern.csproj", "{1EC1F7E1-6848-4932-8AE5-7A50CE5C3E8C}"
EndProject
Global
	GlobalSection(SolutionConfigurationPlatforms) = preSolution
		Debug|Any CPU = Debug|Any CPU
		Release|Any CPU = Release|Any CPU
	EndGlobalSection
	GlobalSection(ProjectConfigurationPlatforms) = postSolution
		{1EC1F7E1-6848-4932-8AE5-7A50CE5C3E8C}.Debug|Any CPU.ActiveCfg = Debug|Any CPU
		{1EC1F7E1-6848-4932-8AE5-7A50CE5C3E8C}.Debug|Any CPU.Build.0 = Debug|Any CPU
		{1EC1F7E1-6848-4932-8AE5-7A50CE5C3E8C}.Release|Any CPU.ActiveCfg = Release|Any CPU
		{1EC1F7E1-6848-4932-8AE5-7A50CE5C3E8C}.Release|Any CPU.Build.0 = Release|Any CPU
	EndGlobalSection
	GlobalSection(SolutionProperties) = preSolution
		HideSolutionNode = FALSE
	EndGlobalSection
	GlobalSection(ExtensibilityGlobals) = postSolution
		SolutionGuid = {6156F231-D1C0-4A05-A627-BA79E8E86092}
	EndGlobalSection
EndGlobal
